{
  "requires": true,
  "lockfileVersion": 1,
  "dependencies": {
    "@types/resize-observer-browser": {
      "version": "0.1.5",
      "resolved": "https://registry.npmjs.org/@types/resize-observer-browser/-/resize-observer-browser-0.1.5.tgz",
      "integrity": "sha512-8k/67Z95Goa6Lznuykxkfhq9YU3l1Qe6LNZmwde1u7802a3x8v44oq0j91DICclxatTr0rNnhXx7+VTIetSrSQ=="
    },
    "browser-image-compression": {
      "version": "1.0.14",
      "resolved": "https://registry.npmjs.org/browser-image-compression/-/browser-image-compression-1.0.14.tgz",
      "integrity": "sha512-W8igE2BhGE/EcSDLFIQOW5cJrPnMJdCeAy1xG1BDqJFPxUXz2ZDiZyCLDpU3lj08GyEvHv7Gunr+e+8jbPSdtg==",
      "requires": {
        "upng-js": "2.1.0",
        "uzip": "0.20201231.0"
      }
    },
    "classnames": {
      "version": "2.2.6",
      "resolved": "https://registry.npmjs.org/classnames/-/classnames-2.2.6.tgz",
      "integrity": "sha512-JR/iSQOSt+LQIWwrwEzJ9uk0xfN3mTVYMwt1Ir5mUcSN6pU+V4zQFFaJsclJbPuAUQH+yfWef6tm7l1quW3C8Q=="
    },
    "js-tokens": {
      "version": "4.0.0",
      "resolved": "https://registry.npmjs.org/js-tokens/-/js-tokens-4.0.0.tgz",
      "integrity": "sha512-RdJUflcE3cUzKiMqQgsCu06FPu9UdIJO0beYbPhHN4k6apgJtifcoCtT9bcxOpYBtpD2kCM6Sbzg4CausW/PKQ=="
    },
    "lodash.debounce": {
      "version": "4.0.8",
      "resolved": "https://registry.npmjs.org/lodash.debounce/-/lodash.debounce-4.0.8.tgz",
      "integrity": "sha1-gteb/zCmfEAF/9XiUVMArZyk168="
    },
    "lodash.throttle": {
      "version": "4.1.1",
      "resolved": "https://registry.npmjs.org/lodash.throttle/-/lodash.throttle-4.1.1.tgz",
      "integrity": "sha1-wj6RtxAkKscMN/HhzaknTMOb8vQ="
    },
    "loose-envify": {
      "version": "1.4.0",
      "resolved": "https://registry.npmjs.org/loose-envify/-/loose-envify-1.4.0.tgz",
      "integrity": "sha512-lyuxPGr/Wfhrlem2CL/UcnUc1zcqKAImBDzukY7Y5F/yQiNdko6+fRLevlw1HgMySw7f611UIY408EtxRSoK3Q==",
      "requires": {
        "js-tokens": "^3.0.0 || ^4.0.0"
      }
    },
    "object-assign": {
      "version": "4.1.1",
      "resolved": "https://registry.npmjs.org/object-assign/-/object-assign-4.1.1.tgz",
      "integrity": "sha1-IQmtx5ZYh8/AXLvUQsrIv7s2CGM="
    },
    "pako": {
      "version": "1.0.11",
      "resolved": "https://registry.npmjs.org/pako/-/pako-1.0.11.tgz",
      "integrity": "sha512-4hLB8Py4zZce5s4yd9XzopqwVv/yGNhV1Bl8NTmCq1763HeK2+EwVTv+leGeL13Dnh2wfbqowVPXCIO0z4taYw=="
    },
    "prop-types": {
      "version": "15.7.2",
      "resolved": "https://registry.npmjs.org/prop-types/-/prop-types-15.7.2.tgz",
      "integrity": "sha512-8QQikdH7//R2vurIJSutZ1smHYTcLpRWEOlHnzcWHmBYrOGUysKwSsrC89BCiFj3CbrfJ/nXFdJepOVrY1GCHQ==",
      "requires": {
        "loose-envify": "^1.4.0",
        "object-assign": "^4.1.1",
        "react-is": "^16.8.1"
      }
    },
    "react-is": {
      "version": "16.13.1",
      "resolved": "https://registry.npmjs.org/react-is/-/react-is-16.13.1.tgz",
      "integrity": "sha512-24e6ynE2H+OKt4kqsOvNd8kBpV65zoxbA4BVsEOB3ARVWQki/DHzaUoC5KuON/BiccDaCCTZBuOcfZs70kR8bQ=="
    },
    "react-resize-detector": {
      "version": "6.6.3",
      "resolved": "https://registry.npmjs.org/react-resize-detector/-/react-resize-detector-6.6.3.tgz",
      "integrity": "sha512-L4T4NGua6FnxA3/GRhmm3t1UQx0Wcu7a5evlD6wvCj06OdI+JdMDhngzhk9fpqTiXmsZfdk4DR+vavFIJyfHfQ==",
      "requires": {
        "@types/resize-observer-browser": "^0.1.5",
        "lodash.debounce": "^4.0.8",
        "lodash.throttle": "^4.1.1",
        "resize-observer-polyfill": "^1.5.1"
      }
    },
    "react-responsive-tabs": {
      "version": "4.3.0",
      "resolved": "https://registry.npmjs.org/react-responsive-tabs/-/react-responsive-tabs-4.3.0.tgz",
      "integrity": "sha512-9lCDBypt1roXqr8gTRt/3ohK3hLxsit2cBBlM9vTs7zqVxtS2tmK1bNFr/HqbTRNqs+m0/TbXGG7I8I/MOFHHg==",
      "requires": {
        "classnames": "^2.2.6",
        "lodash.throttle": "^4.1.1",
        "prop-types": "^15.7.2",
        "react-resize-detector": "^6.4.0-rc.0"
      }
    },
    "resize-observer-polyfill": {
      "version": "1.5.1",
      "resolved": "https://registry.npmjs.org/resize-observer-polyfill/-/resize-observer-polyfill-1.5.1.tgz",
      "integrity": "sha512-LwZrotdHOo12nQuZlHEmtuXdqGoOD0OhaxopaNFxWzInpEgaLWoVuAMbTzixuosCx2nEG58ngzW3vxdWoxIgdg=="
    },
    "upng-js": {
      "version": "2.1.0",
      "resolved": "https://registry.npmjs.org/upng-js/-/upng-js-2.1.0.tgz",
      "integrity": "sha512-d3xzZzpMP64YkjP5pr8gNyvBt7dLk/uGI67EctzDuVp4lCZyVMo0aJO6l/VDlgbInJYDY6cnClLoBp29eKWI6g==",
      "requires": {
        "pako": "^1.0.5"
      }
    },
    "uzip": {
      "version": "0.20201231.0",
      "resolved": "https://registry.npmjs.org/uzip/-/uzip-0.20201231.0.tgz",
      "integrity": "sha512-OZeJfZP+R0z9D6TmBgLq2LHzSSptGMGDGigGiEe0pr8UBe/7fdflgHlHBNDASTXB5jnFuxHpNaJywSg8YFeGng=="
    }
  }
}
